
Microsoft Visual Studio Solution File, Format Version 12.00
# Visual Studio Version 16
VisualStudioVersion = 16.0.29728.190
MinimumVisualStudioVersion = 10.0.40219.1
Project("{9A19103F-16F7-4668-BE54-9A1E7A4F7556}") = "OnlineBooksStore.Persistence.EF", "OnlineBooksStore.Persistence.EF\OnlineBooksStore.Persistence.EF.csproj", "{FFE9626B-56F0-4A90-B3B4-E2ABCDD820A4}"
EndProject
Project("{9A19103F-16F7-4668-BE54-9A1E7A4F7556}") = "OnlineBooksStore.App.MVC", "OnlineBooksStore.App.MVC\OnlineBooksStore.App.MVC.csproj", "{A083829D-180E-4CCE-9819-FA1DB7E27AF7}"
EndProject
Project("{9A19103F-16F7-4668-BE54-9A1E7A4F7556}") = "OnlineBooksStore.Domain.Contracts", "OnlineBooksStore.Domain.Contracts\OnlineBooksStore.Domain.Contracts.csproj", "{8BB1CA21-5BB1-4D1C-846A-F96490596BB8}"
EndProject
Project("{2150E333-8FDC-42A3-9474-1A3956D46DE8}") = "Application", "Application", "{D10105BB-7CB0-489D-9FA3-FA8457CAFB81}"
EndProject
Project("{2150E333-8FDC-42A3-9474-1A3956D46DE8}") = "Persistence", "Persistence", "{DFB959DD-D753-4F21-AFDA-690E6A99B0EA}"
EndProject
Project("{2150E333-8FDC-42A3-9474-1A3956D46DE8}") = "Domain", "Domain", "{F5EE45EC-4EC4-4CE3-AB96-82CD6B89D995}"
EndProject
Project("{FAE04EC0-301F-11D3-BF4B-00C04F79EFBC}") = "OnlineBooksStore.Persistence.Entities", "OnlineBooksStore.Persistence.Entities\OnlineBooksStore.Persistence.Entities.csproj", "{DDBAF7A4-1BC7-4B75-8847-113AAB16D44F}"
EndProject
Global
	GlobalSection(SolutionConfigurationPlatforms) = preSolution
		Debug|Any CPU = Debug|Any CPU
		Release|Any CPU = Release|Any CPU
	EndGlobalSection
	GlobalSection(ProjectConfigurationPlatforms) = postSolution
		{FFE9626B-56F0-4A90-B3B4-E2ABCDD820A4}.Debug|Any CPU.ActiveCfg = Debug|Any CPU
		{FFE9626B-56F0-4A90-B3B4-E2ABCDD820A4}.Debug|Any CPU.Build.0 = Debug|Any CPU
		{FFE9626B-56F0-4A90-B3B4-E2ABCDD820A4}.Release|Any CPU.ActiveCfg = Release|Any CPU
		{FFE9626B-56F0-4A90-B3B4-E2ABCDD820A4}.Release|Any CPU.Build.0 = Release|Any CPU
		{A083829D-180E-4CCE-9819-FA1DB7E27AF7}.Debug|Any CPU.ActiveCfg = Debug|Any CPU
		{A083829D-180E-4CCE-9819-FA1DB7E27AF7}.Debug|Any CPU.Build.0 = Debug|Any CPU
		{A083829D-180E-4CCE-9819-FA1DB7E27AF7}.Release|Any CPU.ActiveCfg = Release|Any CPU
		{A083829D-180E-4CCE-9819-FA1DB7E27AF7}.Release|Any CPU.Build.0 = Release|Any CPU
		{8BB1CA21-5BB1-4D1C-846A-F96490596BB8}.Debug|Any CPU.ActiveCfg = Debug|Any CPU
		{8BB1CA21-5BB1-4D1C-846A-F96490596BB8}.Debug|Any CPU.Build.0 = Debug|Any CPU
		{8BB1CA21-5BB1-4D1C-846A-F96490596BB8}.Release|Any CPU.ActiveCfg = Release|Any CPU
		{8BB1CA21-5BB1-4D1C-846A-F96490596BB8}.Release|Any CPU.Build.0 = Release|Any CPU
		{DDBAF7A4-1BC7-4B75-8847-113AAB16D44F}.Debug|Any CPU.ActiveCfg = Debug|Any CPU
		{DDBAF7A4-1BC7-4B75-8847-113AAB16D44F}.Debug|Any CPU.Build.0 = Debug|Any CPU
		{DDBAF7A4-1BC7-4B75-8847-113AAB16D44F}.Release|Any CPU.ActiveCfg = Release|Any CPU
		{DDBAF7A4-1BC7-4B75-8847-113AAB16D44F}.Release|Any CPU.Build.0 = Release|Any CPU
	EndGlobalSection
	GlobalSection(SolutionProperties) = preSolution
		HideSolutionNode = FALSE
	EndGlobalSection
	GlobalSection(NestedProjects) = preSolution
		{FFE9626B-56F0-4A90-B3B4-E2ABCDD820A4} = {DFB959DD-D753-4F21-AFDA-690E6A99B0EA}
		{A083829D-180E-4CCE-9819-FA1DB7E27AF7} = {D10105BB-7CB0-489D-9FA3-FA8457CAFB81}
		{8BB1CA21-5BB1-4D1C-846A-F96490596BB8} = {F5EE45EC-4EC4-4CE3-AB96-82CD6B89D995}
		{DDBAF7A4-1BC7-4B75-8847-113AAB16D44F} = {DFB959DD-D753-4F21-AFDA-690E6A99B0EA}
	EndGlobalSection
	GlobalSection(ExtensibilityGlobals) = postSolution
		SolutionGuid = {D41D3A1B-D237-46BA-85B0-86E3A689D936}
	EndGlobalSection
EndGlobal
