
Microsoft Visual Studio Solution File, Format Version 12.00
# Visual Studio Version 16
VisualStudioVersion = 16.0.29728.190
MinimumVisualStudioVersion = 10.0.40219.1
Project("{9A19103F-16F7-4668-BE54-9A1E7A4F7556}") = "OnlineBooksStore.Persistence.EF", "OnlineBooksStore.Persistence.EF\OnlineBooksStore.Persistence.EF.csproj", "{FFE9626B-56F0-4A90-B3B4-E2ABCDD820A4}"
EndProject
Project("{9A19103F-16F7-4668-BE54-9A1E7A4F7556}") = "OnlineBooksStore.Domain.Contracts", "OnlineBooksStore.Domain.Contracts\OnlineBooksStore.Domain.Contracts.csproj", "{8BB1CA21-5BB1-4D1C-846A-F96490596BB8}"
EndProject
Project("{2150E333-8FDC-42A3-9474-1A3956D46DE8}") = "Application", "Application", "{D10105BB-7CB0-489D-9FA3-FA8457CAFB81}"
EndProject
Project("{2150E333-8FDC-42A3-9474-1A3956D46DE8}") = "Persistence", "Persistence", "{DFB959DD-D753-4F21-AFDA-690E6A99B0EA}"
EndProject
Project("{2150E333-8FDC-42A3-9474-1A3956D46DE8}") = "Domain", "Domain", "{F5EE45EC-4EC4-4CE3-AB96-82CD6B89D995}"
EndProject
Project("{9A19103F-16F7-4668-BE54-9A1E7A4F7556}") = "OnlineBooksStore.Persistence.Entities", "OnlineBooksStore.Persistence.Entities\OnlineBooksStore.Persistence.Entities.csproj", "{DDBAF7A4-1BC7-4B75-8847-113AAB16D44F}"
EndProject
Project("{9A19103F-16F7-4668-BE54-9A1E7A4F7556}") = "OnlineBooksStore.App.Contracts", "OnlineBooksStore.App.Contracts\OnlineBooksStore.App.Contracts.csproj", "{3E3596D1-E12D-4DD7-A5F9-815BA08E613B}"
EndProject
Project("{9A19103F-16F7-4668-BE54-9A1E7A4F7556}") = "OnlineBooksStore.App.Handlers", "OnlineBooksStore.App.Handlers\OnlineBooksStore.App.Handlers.csproj", "{D7545C0F-CDE8-4AD7-BE3E-EABA9061F14B}"
EndProject
Project("{9A19103F-16F7-4668-BE54-9A1E7A4F7556}") = "OnlineBooksStore.App.WebApi", "OnlineBooksStore.App.WebApi\OnlineBooksStore.App.WebApi.csproj", "{22BB9F44-62A2-4F25-BA83-A7B56051AF3E}"
EndProject
Project("{E24C65DC-7377-472B-9ABA-BC803B73C61A}") = "angular-client", "angular-client\", "{65A280E7-F89A-4BE7-B6BE-54FE55D7AEB1}"
	ProjectSection(WebsiteProperties) = preProject
		TargetFrameworkMoniker = ".NETFramework,Version%3Dv4.0"
		Debug.AspNetCompiler.VirtualPath = "/localhost_53798"
		Debug.AspNetCompiler.PhysicalPath = "angular-client\"
		Debug.AspNetCompiler.TargetPath = "PrecompiledWeb\localhost_53798\"
		Debug.AspNetCompiler.Updateable = "true"
		Debug.AspNetCompiler.ForceOverwrite = "true"
		Debug.AspNetCompiler.FixedNames = "false"
		Debug.AspNetCompiler.Debug = "True"
		Release.AspNetCompiler.VirtualPath = "/localhost_53798"
		Release.AspNetCompiler.PhysicalPath = "angular-client\"
		Release.AspNetCompiler.TargetPath = "PrecompiledWeb\localhost_53798\"
		Release.AspNetCompiler.Updateable = "true"
		Release.AspNetCompiler.ForceOverwrite = "true"
		Release.AspNetCompiler.FixedNames = "false"
		Release.AspNetCompiler.Debug = "False"
		VWDPort = "53798"
		SlnRelativePath = "angular-client\"
	EndProjectSection
EndProject
Project("{FAE04EC0-301F-11D3-BF4B-00C04F79EFBC}") = "OnlineBooksStore.Domain.Services", "OnlineBooksStore.Domain.Services\OnlineBooksStore.Domain.Services.csproj", "{043150BB-D8EC-4253-80F4-756AC6E302FC}"
EndProject
Global
	GlobalSection(SolutionConfigurationPlatforms) = preSolution
		Debug|Any CPU = Debug|Any CPU
		Release|Any CPU = Release|Any CPU
	EndGlobalSection
	GlobalSection(ProjectConfigurationPlatforms) = postSolution
		{FFE9626B-56F0-4A90-B3B4-E2ABCDD820A4}.Debug|Any CPU.ActiveCfg = Debug|Any CPU
		{FFE9626B-56F0-4A90-B3B4-E2ABCDD820A4}.Debug|Any CPU.Build.0 = Debug|Any CPU
		{FFE9626B-56F0-4A90-B3B4-E2ABCDD820A4}.Release|Any CPU.ActiveCfg = Release|Any CPU
		{FFE9626B-56F0-4A90-B3B4-E2ABCDD820A4}.Release|Any CPU.Build.0 = Release|Any CPU
		{8BB1CA21-5BB1-4D1C-846A-F96490596BB8}.Debug|Any CPU.ActiveCfg = Debug|Any CPU
		{8BB1CA21-5BB1-4D1C-846A-F96490596BB8}.Debug|Any CPU.Build.0 = Debug|Any CPU
		{8BB1CA21-5BB1-4D1C-846A-F96490596BB8}.Release|Any CPU.ActiveCfg = Release|Any CPU
		{8BB1CA21-5BB1-4D1C-846A-F96490596BB8}.Release|Any CPU.Build.0 = Release|Any CPU
		{DDBAF7A4-1BC7-4B75-8847-113AAB16D44F}.Debug|Any CPU.ActiveCfg = Debug|Any CPU
		{DDBAF7A4-1BC7-4B75-8847-113AAB16D44F}.Debug|Any CPU.Build.0 = Debug|Any CPU
		{DDBAF7A4-1BC7-4B75-8847-113AAB16D44F}.Release|Any CPU.ActiveCfg = Release|Any CPU
		{DDBAF7A4-1BC7-4B75-8847-113AAB16D44F}.Release|Any CPU.Build.0 = Release|Any CPU
		{3E3596D1-E12D-4DD7-A5F9-815BA08E613B}.Debug|Any CPU.ActiveCfg = Debug|Any CPU
		{3E3596D1-E12D-4DD7-A5F9-815BA08E613B}.Debug|Any CPU.Build.0 = Debug|Any CPU
		{3E3596D1-E12D-4DD7-A5F9-815BA08E613B}.Release|Any CPU.ActiveCfg = Release|Any CPU
		{3E3596D1-E12D-4DD7-A5F9-815BA08E613B}.Release|Any CPU.Build.0 = Release|Any CPU
		{D7545C0F-CDE8-4AD7-BE3E-EABA9061F14B}.Debug|Any CPU.ActiveCfg = Debug|Any CPU
		{D7545C0F-CDE8-4AD7-BE3E-EABA9061F14B}.Debug|Any CPU.Build.0 = Debug|Any CPU
		{D7545C0F-CDE8-4AD7-BE3E-EABA9061F14B}.Release|Any CPU.ActiveCfg = Release|Any CPU
		{D7545C0F-CDE8-4AD7-BE3E-EABA9061F14B}.Release|Any CPU.Build.0 = Release|Any CPU
		{22BB9F44-62A2-4F25-BA83-A7B56051AF3E}.Debug|Any CPU.ActiveCfg = Debug|Any CPU
		{22BB9F44-62A2-4F25-BA83-A7B56051AF3E}.Debug|Any CPU.Build.0 = Debug|Any CPU
		{22BB9F44-62A2-4F25-BA83-A7B56051AF3E}.Release|Any CPU.ActiveCfg = Release|Any CPU
		{22BB9F44-62A2-4F25-BA83-A7B56051AF3E}.Release|Any CPU.Build.0 = Release|Any CPU
		{65A280E7-F89A-4BE7-B6BE-54FE55D7AEB1}.Debug|Any CPU.ActiveCfg = Debug|Any CPU
		{65A280E7-F89A-4BE7-B6BE-54FE55D7AEB1}.Debug|Any CPU.Build.0 = Debug|Any CPU
		{65A280E7-F89A-4BE7-B6BE-54FE55D7AEB1}.Release|Any CPU.ActiveCfg = Debug|Any CPU
		{65A280E7-F89A-4BE7-B6BE-54FE55D7AEB1}.Release|Any CPU.Build.0 = Debug|Any CPU
		{043150BB-D8EC-4253-80F4-756AC6E302FC}.Debug|Any CPU.ActiveCfg = Debug|Any CPU
		{043150BB-D8EC-4253-80F4-756AC6E302FC}.Debug|Any CPU.Build.0 = Debug|Any CPU
		{043150BB-D8EC-4253-80F4-756AC6E302FC}.Release|Any CPU.ActiveCfg = Release|Any CPU
		{043150BB-D8EC-4253-80F4-756AC6E302FC}.Release|Any CPU.Build.0 = Release|Any CPU
	EndGlobalSection
	GlobalSection(SolutionProperties) = preSolution
		HideSolutionNode = FALSE
	EndGlobalSection
	GlobalSection(NestedProjects) = preSolution
		{FFE9626B-56F0-4A90-B3B4-E2ABCDD820A4} = {DFB959DD-D753-4F21-AFDA-690E6A99B0EA}
		{8BB1CA21-5BB1-4D1C-846A-F96490596BB8} = {F5EE45EC-4EC4-4CE3-AB96-82CD6B89D995}
		{DDBAF7A4-1BC7-4B75-8847-113AAB16D44F} = {DFB959DD-D753-4F21-AFDA-690E6A99B0EA}
		{3E3596D1-E12D-4DD7-A5F9-815BA08E613B} = {D10105BB-7CB0-489D-9FA3-FA8457CAFB81}
		{D7545C0F-CDE8-4AD7-BE3E-EABA9061F14B} = {D10105BB-7CB0-489D-9FA3-FA8457CAFB81}
		{22BB9F44-62A2-4F25-BA83-A7B56051AF3E} = {D10105BB-7CB0-489D-9FA3-FA8457CAFB81}
		{65A280E7-F89A-4BE7-B6BE-54FE55D7AEB1} = {D10105BB-7CB0-489D-9FA3-FA8457CAFB81}
		{043150BB-D8EC-4253-80F4-756AC6E302FC} = {F5EE45EC-4EC4-4CE3-AB96-82CD6B89D995}
	EndGlobalSection
	GlobalSection(ExtensibilityGlobals) = postSolution
		SolutionGuid = {D41D3A1B-D237-46BA-85B0-86E3A689D936}
	EndGlobalSection
EndGlobal
